
Microsoft Visual Studio Solution File, Format Version 12.00
# Visual Studio 2012
Project("{FAE04EC0-301F-11D3-BF4B-00C04F79EFBC}") = "CloudNotepad", "CloudNotepad\CloudNotepad.csproj", "{6CC8E21C-4F97-49C9-ABCA-35E877F7EDB1}"
EndProject
Global
	GlobalSection(SolutionConfigurationPlatforms) = preSolution
		Debug|Any CPU = Debug|Any CPU
		Release|Any CPU = Release|Any CPU
	EndGlobalSection
	GlobalSection(ProjectConfigurationPlatforms) = postSolution
		{6CC8E21C-4F97-49C9-ABCA-35E877F7EDB1}.Debug|Any CPU.ActiveCfg = Debug|Any CPU
		{6CC8E21C-4F97-49C9-ABCA-35E877F7EDB1}.Debug|Any CPU.Build.0 = Debug|Any CPU
		{6CC8E21C-4F97-49C9-ABCA-35E877F7EDB1}.Release|Any CPU.ActiveCfg = Release|Any CPU
		{6CC8E21C-4F97-49C9-ABCA-35E877F7EDB1}.Release|Any CPU.Build.0 = Release|Any CPU
	EndGlobalSection
	GlobalSection(SolutionProperties) = preSolution
		HideSolutionNode = FALSE
	EndGlobalSection
EndGlobal
